
Microsoft Visual Studio Solution File, Format Version 12.00
# Visual Studio Version 17
VisualStudioVersion = 17.10.35013.160
MinimumVisualStudioVersion = 10.0.40219.1
Project("{9A19103F-16F7-4668-BE54-9A1E7A4F7556}") = "blog.BlazorServerApp", "blog.BlazorServerApp\blog.BlazorServerApp.csproj", "{35235B77-6EE0-417C-BABE-2107A194B0CF}"
EndProject
Global
	GlobalSection(SolutionConfigurationPlatforms) = preSolution
		Debug|Any CPU = Debug|Any CPU
		Release|Any CPU = Release|Any CPU
	EndGlobalSection
	GlobalSection(ProjectConfigurationPlatforms) = postSolution
		{35235B77-6EE0-417C-BABE-2107A194B0CF}.Debug|Any CPU.ActiveCfg = Debug|Any CPU
		{35235B77-6EE0-417C-BABE-2107A194B0CF}.Debug|Any CPU.Build.0 = Debug|Any CPU
		{35235B77-6EE0-417C-BABE-2107A194B0CF}.Release|Any CPU.ActiveCfg = Release|Any CPU
		{35235B77-6EE0-417C-BABE-2107A194B0CF}.Release|Any CPU.Build.0 = Release|Any CPU
	EndGlobalSection
	GlobalSection(SolutionProperties) = preSolution
		HideSolutionNode = FALSE
	EndGlobalSection
	GlobalSection(ExtensibilityGlobals) = postSolution
		SolutionGuid = {4C0E20EE-5A81-4C9F-8DE6-ACCD637AAC66}
	EndGlobalSection
EndGlobal
